
Microsoft Visual Studio Solution File, Format Version 12.00
# Visual Studio Version 17
VisualStudioVersion = 17.11.35312.102
MinimumVisualStudioVersion = 10.0.40219.1
Project("{FAE04EC0-301F-11D3-BF4B-00C04F79EFBC}") = "DIWithMultithreading", "DIWithMultithreading\DIWithMultithreading.csproj", "{7DD862E0-8833-4EDC-85F4-EFA9E988B3C4}"
EndProject
Global
	GlobalSection(SolutionConfigurationPlatforms) = preSolution
		Debug|Any CPU = Debug|Any CPU
		Release|Any CPU = Release|Any CPU
	EndGlobalSection
	GlobalSection(ProjectConfigurationPlatforms) = postSolution
		{7DD862E0-8833-4EDC-85F4-EFA9E988B3C4}.Debug|Any CPU.ActiveCfg = Debug|Any CPU
		{7DD862E0-8833-4EDC-85F4-EFA9E988B3C4}.Debug|Any CPU.Build.0 = Debug|Any CPU
		{7DD862E0-8833-4EDC-85F4-EFA9E988B3C4}.Release|Any CPU.ActiveCfg = Release|Any CPU
		{7DD862E0-8833-4EDC-85F4-EFA9E988B3C4}.Release|Any CPU.Build.0 = Release|Any CPU
	EndGlobalSection
	GlobalSection(SolutionProperties) = preSolution
		HideSolutionNode = FALSE
	EndGlobalSection
	GlobalSection(ExtensibilityGlobals) = postSolution
		SolutionGuid = {02A2666E-22C5-4F41-BB07-DDBC89A8B86E}
	EndGlobalSection
EndGlobal
